{
  "name": "audio-processor",
  "lockfileVersion": 3,
  "requires": true,
  "packages": {
    "": {
      "devDependencies": {
        "@types/wavesurfer.js": "^6.0.12"
      }
    },
    "node_modules/@types/debounce": {
      "version": "1.2.4",
      "resolved": "https://registry.npmjs.org/@types/debounce/-/debounce-1.2.4.tgz",
      "integrity": "sha512-jBqiORIzKDOToaF63Fm//haOCHuwQuLa2202RK4MozpA6lh93eCBc+/8+wZn5OzjJt3ySdc+74SXWXB55Ewtyw==",
      "dev": true,
      "license": "MIT"
    },
    "node_modules/@types/wavesurfer.js": {
      "version": "6.0.12",
      "resolved": "https://registry.npmjs.org/@types/wavesurfer.js/-/wavesurfer.js-6.0.12.tgz",
      "integrity": "sha512-oM9hYlPIVms4uwwoaGs9d0qp7Xk7IjSGkdwgmhUymVUIIilRfjtSQvoOgv4dpKiW0UozWRSyXfQqTobi0qWyCw==",
      "dev": true,
      "license": "MIT",
      "dependencies": {
        "@types/debounce": "*"
      }
    }
  }
}
